
Microsoft Visual Studio Solution File, Format Version 12.00
# Visual Studio Version 17
VisualStudioVersion = 17.5.33414.496
MinimumVisualStudioVersion = 10.0.40219.1
Project("{FAE04EC0-301F-11D3-BF4B-00C04F79EFBC}") = "NetworkUtility", "NetworkUtility.csproj", "{4E54997C-B0FB-45DB-A52D-057AF0920922}"
EndProject
Project("{FAE04EC0-301F-11D3-BF4B-00C04F79EFBC}") = "NetworkUtility.Tests", "..\NetworkUtility.Tests\NetworkUtility.Tests.csproj", "{D5C4CFF9-E72E-47FB-A748-B035C097406C}"
EndProject
Global
	GlobalSection(SolutionConfigurationPlatforms) = preSolution
		Debug|Any CPU = Debug|Any CPU
		Release|Any CPU = Release|Any CPU
	EndGlobalSection
	GlobalSection(ProjectConfigurationPlatforms) = postSolution
		{4E54997C-B0FB-45DB-A52D-057AF0920922}.Debug|Any CPU.ActiveCfg = Debug|Any CPU
		{4E54997C-B0FB-45DB-A52D-057AF0920922}.Debug|Any CPU.Build.0 = Debug|Any CPU
		{4E54997C-B0FB-45DB-A52D-057AF0920922}.Release|Any CPU.ActiveCfg = Release|Any CPU
		{4E54997C-B0FB-45DB-A52D-057AF0920922}.Release|Any CPU.Build.0 = Release|Any CPU
		{D5C4CFF9-E72E-47FB-A748-B035C097406C}.Debug|Any CPU.ActiveCfg = Debug|Any CPU
		{D5C4CFF9-E72E-47FB-A748-B035C097406C}.Debug|Any CPU.Build.0 = Debug|Any CPU
		{D5C4CFF9-E72E-47FB-A748-B035C097406C}.Release|Any CPU.ActiveCfg = Release|Any CPU
		{D5C4CFF9-E72E-47FB-A748-B035C097406C}.Release|Any CPU.Build.0 = Release|Any CPU
	EndGlobalSection
	GlobalSection(SolutionProperties) = preSolution
		HideSolutionNode = FALSE
	EndGlobalSection
	GlobalSection(ExtensibilityGlobals) = postSolution
		SolutionGuid = {47B64B40-0D03-4002-BA43-D49660A24C87}
	EndGlobalSection
EndGlobal
